
Microsoft Visual Studio Solution File, Format Version 12.00
# Visual Studio Version 17
VisualStudioVersion = 17.0.31903.59
MinimumVisualStudioVersion = 10.0.40219.1
Project("{2150E333-8FDC-42A3-9474-1A3956D46DE8}") = "src", "src", "{827E0CD3-B72D-47B6-A68D-7590B98EB39B}"
EndProject
Project("{FAE04EC0-301F-11D3-BF4B-00C04F79EFBC}") = "Weft.Core", "src\Weft.Core\Weft.Core.csproj", "{FC01726E-547D-40B7-9A19-3CC0AE439F29}"
EndProject
Project("{FAE04EC0-301F-11D3-BF4B-00C04F79EFBC}") = "Weft.Versioning", "src\Weft.Versioning\Weft.Versioning.csproj", "{142FBB1E-7E1D-4E59-BF9E-204C013C260A}"
EndProject
Project("{2150E333-8FDC-42A3-9474-1A3956D46DE8}") = "tests", "tests", "{0AB3BF05-4346-4AA6-1389-037BE0695223}"
EndProject
Project("{FAE04EC0-301F-11D3-BF4B-00C04F79EFBC}") = "Weft.Core.Tests", "tests\Weft.Core.Tests\Weft.Core.Tests.csproj", "{6E424438-4894-4159-8DF2-1BD65C7BC472}"
EndProject
Project("{FAE04EC0-301F-11D3-BF4B-00C04F79EFBC}") = "Weft.Versioning.Tests", "tests\Weft.Versioning.Tests\Weft.Versioning.Tests.csproj", "{31CC3F80-DF44-45E8-A4AF-5A6F30031ED6}"
EndProject
Project("{FAE04EC0-301F-11D3-BF4B-00C04F79EFBC}") = "Weft.Determinism.Tests", "tests\Weft.Determinism.Tests\Weft.Determinism.Tests.csproj", "{265FD711-ACC0-40A3-A334-5B81B5063AE8}"
EndProject
Project("{2150E333-8FDC-42A3-9474-1A3956D46DE8}") = "samples", "samples", "{5D20AA90-6969-D8BD-9DCD-8634F4692FDA}"
EndProject
Project("{FAE04EC0-301F-11D3-BF4B-00C04F79EFBC}") = "Weft.Sample.Versioning", "samples\Weft.Sample.Versioning\Weft.Sample.Versioning.csproj", "{39C303A3-BD6B-4681-93DA-687C5229A1B9}"
EndProject
Project("{FAE04EC0-301F-11D3-BF4B-00C04F79EFBC}") = "Weft.Loro", "src\Weft.Loro\Weft.Loro.csproj", "{6BEA5D7C-F3F1-4CB3-8CBB-B44B2840B6B6}"
EndProject
Project("{FAE04EC0-301F-11D3-BF4B-00C04F79EFBC}") = "Weft.LoadTest", "tests\Weft.LoadTest\Weft.LoadTest.csproj", "{064C3FA7-B082-436A-974E-5CFB0298A0DA}"
EndProject
Global
	GlobalSection(SolutionConfigurationPlatforms) = preSolution
		Debug|Any CPU = Debug|Any CPU
		Debug|x64 = Debug|x64
		Debug|x86 = Debug|x86
		Release|Any CPU = Release|Any CPU
		Release|x64 = Release|x64
		Release|x86 = Release|x86
	EndGlobalSection
	GlobalSection(ProjectConfigurationPlatforms) = postSolution
		{FC01726E-547D-40B7-9A19-3CC0AE439F29}.Debug|Any CPU.ActiveCfg = Debug|Any CPU
		{FC01726E-547D-40B7-9A19-3CC0AE439F29}.Debug|Any CPU.Build.0 = Debug|Any CPU
		{FC01726E-547D-40B7-9A19-3CC0AE439F29}.Debug|x64.ActiveCfg = Debug|Any CPU
		{FC01726E-547D-40B7-9A19-3CC0AE439F29}.Debug|x64.Build.0 = Debug|Any CPU
		{FC01726E-547D-40B7-9A19-3CC0AE439F29}.Debug|x86.ActiveCfg = Debug|Any CPU
		{FC01726E-547D-40B7-9A19-3CC0AE439F29}.Debug|x86.Build.0 = Debug|Any CPU
		{FC01726E-547D-40B7-9A19-3CC0AE439F29}.Release|Any CPU.ActiveCfg = Release|Any CPU
		{FC01726E-547D-40B7-9A19-3CC0AE439F29}.Release|Any CPU.Build.0 = Release|Any CPU
		{FC01726E-547D-40B7-9A19-3CC0AE439F29}.Release|x64.ActiveCfg = Release|Any CPU
		{FC01726E-547D-40B7-9A19-3CC0AE439F29}.Release|x64.Build.0 = Release|Any CPU
		{FC01726E-547D-40B7-9A19-3CC0AE439F29}.Release|x86.ActiveCfg = Release|Any CPU
		{FC01726E-547D-40B7-9A19-3CC0AE439F29}.Release|x86.Build.0 = Release|Any CPU
		{142FBB1E-7E1D-4E59-BF9E-204C013C260A}.Debug|Any CPU.ActiveCfg = Debug|Any CPU
		{142FBB1E-7E1D-4E59-BF9E-204C013C260A}.Debug|Any CPU.Build.0 = Debug|Any CPU
		{142FBB1E-7E1D-4E59-BF9E-204C013C260A}.Debug|x64.ActiveCfg = Debug|Any CPU
		{142FBB1E-7E1D-4E59-BF9E-204C013C260A}.Debug|x64.Build.0 = Debug|Any CPU
		{142FBB1E-7E1D-4E59-BF9E-204C013C260A}.Debug|x86.ActiveCfg = Debug|Any CPU
		{142FBB1E-7E1D-4E59-BF9E-204C013C260A}.Debug|x86.Build.0 = Debug|Any CPU
		{142FBB1E-7E1D-4E59-BF9E-204C013C260A}.Release|Any CPU.ActiveCfg = Release|Any CPU
		{142FBB1E-7E1D-4E59-BF9E-204C013C260A}.Release|Any CPU.Build.0 = Release|Any CPU
		{142FBB1E-7E1D-4E59-BF9E-204C013C260A}.Release|x64.ActiveCfg = Release|Any CPU
		{142FBB1E-7E1D-4E59-BF9E-204C013C260A}.Release|x64.Build.0 = Release|Any CPU
		{142FBB1E-7E1D-4E59-BF9E-204C013C260A}.Release|x86.ActiveCfg = Release|Any CPU
		{142FBB1E-7E1D-4E59-BF9E-204C013C260A}.Release|x86.Build.0 = Release|Any CPU
		{6E424438-4894-4159-8DF2-1BD65C7BC472}.Debug|Any CPU.ActiveCfg = Debug|Any CPU
		{6E424438-4894-4159-8DF2-1BD65C7BC472}.Debug|Any CPU.Build.0 = Debug|Any CPU
		{6E424438-4894-4159-8DF2-1BD65C7BC472}.Debug|x64.ActiveCfg = Debug|Any CPU
		{6E424438-4894-4159-8DF2-1BD65C7BC472}.Debug|x64.Build.0 = Debug|Any CPU
		{6E424438-4894-4159-8DF2-1BD65C7BC472}.Debug|x86.ActiveCfg = Debug|Any CPU
		{6E424438-4894-4159-8DF2-1BD65C7BC472}.Debug|x86.Build.0 = Debug|Any CPU
		{6E424438-4894-4159-8DF2-1BD65C7BC472}.Release|Any CPU.ActiveCfg = Release|Any CPU
		{6E424438-4894-4159-8DF2-1BD65C7BC472}.Release|Any CPU.Build.0 = Release|Any CPU
		{6E424438-4894-4159-8DF2-1BD65C7BC472}.Release|x64.ActiveCfg = Release|Any CPU
		{6E424438-4894-4159-8DF2-1BD65C7BC472}.Release|x64.Build.0 = Release|Any CPU
		{6E424438-4894-4159-8DF2-1BD65C7BC472}.Release|x86.ActiveCfg = Release|Any CPU
		{6E424438-4894-4159-8DF2-1BD65C7BC472}.Release|x86.Build.0 = Release|Any CPU
		{31CC3F80-DF44-45E8-A4AF-5A6F30031ED6}.Debug|Any CPU.ActiveCfg = Debug|Any CPU
		{31CC3F80-DF44-45E8-A4AF-5A6F30031ED6}.Debug|Any CPU.Build.0 = Debug|Any CPU
		{31CC3F80-DF44-45E8-A4AF-5A6F30031ED6}.Debug|x64.ActiveCfg = Debug|Any CPU
		{31CC3F80-DF44-45E8-A4AF-5A6F30031ED6}.Debug|x64.Build.0 = Debug|Any CPU
		{31CC3F80-DF44-45E8-A4AF-5A6F30031ED6}.Debug|x86.ActiveCfg = Debug|Any CPU
		{31CC3F80-DF44-45E8-A4AF-5A6F30031ED6}.Debug|x86.Build.0 = Debug|Any CPU
		{31CC3F80-DF44-45E8-A4AF-5A6F30031ED6}.Release|Any CPU.ActiveCfg = Release|Any CPU
		{31CC3F80-DF44-45E8-A4AF-5A6F30031ED6}.Release|Any CPU.Build.0 = Release|Any CPU
		{31CC3F80-DF44-45E8-A4AF-5A6F30031ED6}.Release|x64.ActiveCfg = Release|Any CPU
		{31CC3F80-DF44-45E8-A4AF-5A6F30031ED6}.Release|x64.Build.0 = Release|Any CPU
		{31CC3F80-DF44-45E8-A4AF-5A6F30031ED6}.Release|x86.ActiveCfg = Release|Any CPU
		{31CC3F80-DF44-45E8-A4AF-5A6F30031ED6}.Release|x86.Build.0 = Release|Any CPU
		{265FD711-ACC0-40A3-A334-5B81B5063AE8}.Debug|Any CPU.ActiveCfg = Debug|Any CPU
		{265FD711-ACC0-40A3-A334-5B81B5063AE8}.Debug|Any CPU.Build.0 = Debug|Any CPU
		{265FD711-ACC0-40A3-A334-5B81B5063AE8}.Debug|x64.ActiveCfg = Debug|Any CPU
		{265FD711-ACC0-40A3-A334-5B81B5063AE8}.Debug|x64.Build.0 = Debug|Any CPU
		{265FD711-ACC0-40A3-A334-5B81B5063AE8}.Debug|x86.ActiveCfg = Debug|Any CPU
		{265FD711-ACC0-40A3-A334-5B81B5063AE8}.Debug|x86.Build.0 = Debug|Any CPU
		{265FD711-ACC0-40A3-A334-5B81B5063AE8}.Release|Any CPU.ActiveCfg = Release|Any CPU
		{265FD711-ACC0-40A3-A334-5B81B5063AE8}.Release|Any CPU.Build.0 = Release|Any CPU
		{265FD711-ACC0-40A3-A334-5B81B5063AE8}.Release|x64.ActiveCfg = Release|Any CPU
		{265FD711-ACC0-40A3-A334-5B81B5063AE8}.Release|x64.Build.0 = Release|Any CPU
		{265FD711-ACC0-40A3-A334-5B81B5063AE8}.Release|x86.ActiveCfg = Release|Any CPU
		{265FD711-ACC0-40A3-A334-5B81B5063AE8}.Release|x86.Build.0 = Release|Any CPU
		{39C303A3-BD6B-4681-93DA-687C5229A1B9}.Debug|Any CPU.ActiveCfg = Debug|Any CPU
		{39C303A3-BD6B-4681-93DA-687C5229A1B9}.Debug|Any CPU.Build.0 = Debug|Any CPU
		{39C303A3-BD6B-4681-93DA-687C5229A1B9}.Debug|x64.ActiveCfg = Debug|Any CPU
		{39C303A3-BD6B-4681-93DA-687C5229A1B9}.Debug|x64.Build.0 = Debug|Any CPU
		{39C303A3-BD6B-4681-93DA-687C5229A1B9}.Debug|x86.ActiveCfg = Debug|Any CPU
		{39C303A3-BD6B-4681-93DA-687C5229A1B9}.Debug|x86.Build.0 = Debug|Any CPU
		{39C303A3-BD6B-4681-93DA-687C5229A1B9}.Release|Any CPU.ActiveCfg = Release|Any CPU
		{39C303A3-BD6B-4681-93DA-687C5229A1B9}.Release|Any CPU.Build.0 = Release|Any CPU
		{39C303A3-BD6B-4681-93DA-687C5229A1B9}.Release|x64.ActiveCfg = Release|Any CPU
		{39C303A3-BD6B-4681-93DA-687C5229A1B9}.Release|x64.Build.0 = Release|Any CPU
		{39C303A3-BD6B-4681-93DA-687C5229A1B9}.Release|x86.ActiveCfg = Release|Any CPU
		{39C303A3-BD6B-4681-93DA-687C5229A1B9}.Release|x86.Build.0 = Release|Any CPU
		{6BEA5D7C-F3F1-4CB3-8CBB-B44B2840B6B6}.Debug|Any CPU.ActiveCfg = Debug|Any CPU
		{6BEA5D7C-F3F1-4CB3-8CBB-B44B2840B6B6}.Debug|Any CPU.Build.0 = Debug|Any CPU
		{6BEA5D7C-F3F1-4CB3-8CBB-B44B2840B6B6}.Debug|x64.ActiveCfg = Debug|Any CPU
		{6BEA5D7C-F3F1-4CB3-8CBB-B44B2840B6B6}.Debug|x64.Build.0 = Debug|Any CPU
		{6BEA5D7C-F3F1-4CB3-8CBB-B44B2840B6B6}.Debug|x86.ActiveCfg = Debug|Any CPU
		{6BEA5D7C-F3F1-4CB3-8CBB-B44B2840B6B6}.Debug|x86.Build.0 = Debug|Any CPU
		{6BEA5D7C-F3F1-4CB3-8CBB-B44B2840B6B6}.Release|Any CPU.ActiveCfg = Release|Any CPU
		{6BEA5D7C-F3F1-4CB3-8CBB-B44B2840B6B6}.Release|Any CPU.Build.0 = Release|Any CPU
		{6BEA5D7C-F3F1-4CB3-8CBB-B44B2840B6B6}.Release|x64.ActiveCfg = Release|Any CPU
		{6BEA5D7C-F3F1-4CB3-8CBB-B44B2840B6B6}.Release|x64.Build.0 = Release|Any CPU
		{6BEA5D7C-F3F1-4CB3-8CBB-B44B2840B6B6}.Release|x86.ActiveCfg = Release|Any CPU
		{6BEA5D7C-F3F1-4CB3-8CBB-B44B2840B6B6}.Release|x86.Build.0 = Release|Any CPU
		{064C3FA7-B082-436A-974E-5CFB0298A0DA}.Debug|Any CPU.ActiveCfg = Debug|Any CPU
		{064C3FA7-B082-436A-974E-5CFB0298A0DA}.Debug|Any CPU.Build.0 = Debug|Any CPU
		{064C3FA7-B082-436A-974E-5CFB0298A0DA}.Debug|x64.ActiveCfg = Debug|Any CPU
		{064C3FA7-B082-436A-974E-5CFB0298A0DA}.Debug|x64.Build.0 = Debug|Any CPU
		{064C3FA7-B082-436A-974E-5CFB0298A0DA}.Debug|x86.ActiveCfg = Debug|Any CPU
		{064C3FA7-B082-436A-974E-5CFB0298A0DA}.Debug|x86.Build.0 = Debug|Any CPU
		{064C3FA7-B082-436A-974E-5CFB0298A0DA}.Release|Any CPU.ActiveCfg = Release|Any CPU
		{064C3FA7-B082-436A-974E-5CFB0298A0DA}.Release|Any CPU.Build.0 = Release|Any CPU
		{064C3FA7-B082-436A-974E-5CFB0298A0DA}.Release|x64.ActiveCfg = Release|Any CPU
		{064C3FA7-B082-436A-974E-5CFB0298A0DA}.Release|x64.Build.0 = Release|Any CPU
		{064C3FA7-B082-436A-974E-5CFB0298A0DA}.Release|x86.ActiveCfg = Release|Any CPU
		{064C3FA7-B082-436A-974E-5CFB0298A0DA}.Release|x86.Build.0 = Release|Any CPU
	EndGlobalSection
	GlobalSection(SolutionProperties) = preSolution
		HideSolutionNode = FALSE
	EndGlobalSection
	GlobalSection(NestedProjects) = preSolution
		{FC01726E-547D-40B7-9A19-3CC0AE439F29} = {827E0CD3-B72D-47B6-A68D-7590B98EB39B}
		{142FBB1E-7E1D-4E59-BF9E-204C013C260A} = {827E0CD3-B72D-47B6-A68D-7590B98EB39B}
		{6E424438-4894-4159-8DF2-1BD65C7BC472} = {0AB3BF05-4346-4AA6-1389-037BE0695223}
		{31CC3F80-DF44-45E8-A4AF-5A6F30031ED6} = {0AB3BF05-4346-4AA6-1389-037BE0695223}
		{265FD711-ACC0-40A3-A334-5B81B5063AE8} = {0AB3BF05-4346-4AA6-1389-037BE0695223}
		{39C303A3-BD6B-4681-93DA-687C5229A1B9} = {5D20AA90-6969-D8BD-9DCD-8634F4692FDA}
		{6BEA5D7C-F3F1-4CB3-8CBB-B44B2840B6B6} = {827E0CD3-B72D-47B6-A68D-7590B98EB39B}
		{064C3FA7-B082-436A-974E-5CFB0298A0DA} = {0AB3BF05-4346-4AA6-1389-037BE0695223}
	EndGlobalSection
EndGlobal
